{
  "nodes": {
    "flakeNimbleLib": {
      "inputs": {
        "nixpkgs": [
          "nixpkgs"
        ]
      },
      "locked": {
        "lastModified": 1662018438,
        "narHash": "sha256-QtNtU6+LX3Wokxf0zlFwKTFOcn6TeDjKQZ+DA9OYtvM=",
        "owner": "riinr",
        "repo": "nim-flakes-lib",
        "rev": "b1fe8340736e3a85d25c709ac3dfd82a55c03cbf",
        "type": "github"
      },
      "original": {
        "owner": "riinr",
        "ref": "master",
        "repo": "nim-flakes-lib",
        "type": "github"
      }
    },
    "nimwin-main": {
      "inputs": {
        "flakeNimbleLib": [
          "flakeNimbleLib"
        ],
        "nixpkgs": [
          "nixpkgs"
        ],
        "src-nimwin-main": "src-nimwin-main"
      },
      "locked": {
        "dir": "main",
        "lastModified": 1667322521,
        "narHash": "sha256-uCuxG7mMW7YArSrJ00t9tIz1DMKQ4ynVJ6uNWB1UUYM=",
        "owner": "nim-nix-pkgs",
        "repo": "nimwin",
        "rev": "1474732fc45a4042b80e159e7fca014b4e2e824e",
        "type": "github"
      },
      "original": {
        "dir": "main",
        "owner": "nim-nix-pkgs",
        "ref": "master",
        "repo": "nimwin",
        "type": "github"
      }
    },
    "nixpkgs": {
      "locked": {
        "lastModified": 1667199707,
        "narHash": "sha256-I2Js3Y7gUyVSEXPULHlBoRek4Lh85vnevdS6mdvDNLI=",
        "owner": "NixOS",
        "repo": "nixpkgs",
        "rev": "ced197be72099edcfa68ebed8b87af7b04851f45",
        "type": "github"
      },
      "original": {
        "id": "nixpkgs",
        "type": "indirect"
      }
    },
    "root": {
      "inputs": {
        "flakeNimbleLib": "flakeNimbleLib",
        "nimwin-main": "nimwin-main",
        "nixpkgs": "nixpkgs"
      }
    },
    "src-nimwin-main": {
      "flake": false,
      "locked": {
        "lastModified": 1657758307,
        "narHash": "sha256-I3T2huvCdbiSIoU1Li9LImz1TB5O+J6okRga+PYlYYo=",
        "owner": "TriedAngle",
        "repo": "nimwin",
        "rev": "44945992e459de65bd22fd108497dec7dc73f179",
        "type": "github"
      },
      "original": {
        "owner": "TriedAngle",
        "ref": "refs/heads/main",
        "repo": "nimwin",
        "type": "github"
      }
    }
  },
  "root": "root",
  "version": 7
}
